// !$*UTF8*$!
{
	archiveVersion = 1;
	classes = {
	};
	objectVersion = 46;
	objects = {

/* Begin PBXBuildFile section */
		D8953BDD1B560DD3001CA894 /* main.m in Sources */ = {isa = PBXBuildFile; fileRef = D8953BDC1B560DD3001CA894 /* main.m */; };
		D8953BE01B560DD3001CA894 /* AppDelegate.m in Sources */ = {isa = PBXBuildFile; fileRef = D8953BDF1B560DD3001CA894 /* AppDelegate.m */; };
		D8953BE31B560DD3001CA894 /* FirstViewController.m in Sources */ = {isa = PBXBuildFile; fileRef = D8953BE21B560DD3001CA894 /* FirstViewController.m */; };
		D8953BE61B560DD3001CA894 /* SecondViewController.m in Sources */ = {isa = PBXBuildFile; fileRef = D8953BE51B560DD3001CA894 /* SecondViewController.m */; };
		D8953BE91B560DD3001CA894 /* Main.storyboard in Resources */ = {isa = PBXBuildFile; fileRef = D8953BE71B560DD3001CA894 /* Main.storyboard */; };
		D8953BEB1B560DD3001CA894 /* Images.xcassets in Resources */ = {isa = PBXBuildFile; fileRef = D8953BEA1B560DD3001CA894 /* Images.xcassets */; };
		D8953BEE1B560DD3001CA894 /* LaunchScreen.xib in Resources */ = {isa = PBXBuildFile; fileRef = D8953BEC1B560DD3001CA894 /* LaunchScreen.xib */; };
		D8953BFA1B560DD3001CA894 /* Push_CradleTests.m in Sources */ = {isa = PBXBuildFile; fileRef = D8953BF91B560DD3001CA894 /* Push_CradleTests.m */; };
/* End PBXBuildFile section */

/* Begin PBXContainerItemProxy section */
		D8953BF41B560DD3001CA894 /* PBXContainerItemProxy */ = {
			isa = PBXContainerItemProxy;
			containerPortal = D8953BCF1B560DD3001CA894 /* Project object */;
			proxyType = 1;
			remoteGlobalIDString = D8953BD61B560DD3001CA894;
			remoteInfo = "Push Cradle";
		};
/* End PBXContainerItemProxy section */

/* Begin PBXFileReference section */
		D8953BD71B560DD3001CA894 /* Push Cradle.app */ = {isa = PBXFileReference; explicitFileType = wrapper.application; includeInIndex = 0; path = "Push Cradle.app"; sourceTree = BUILT_PRODUCTS_DIR; };
		D8953BDB1B560DD3001CA894 /* Info.plist */ = {isa = PBXFileReference; lastKnownFileType = text.plist.xml; path = Info.plist; sourceTree = "<group>"; };
		D8953BDC1B560DD3001CA894 /* main.m */ = {isa = PBXFileReference; lastKnownFileType = sourcecode.c.objc; path = main.m; sourceTree = "<group>"; };
		D8953BDE1B560DD3001CA894 /* AppDelegate.h */ = {isa = PBXFileReference; lastKnownFileType = sourcecode.c.h; path = AppDelegate.h; sourceTree = "<group>"; };
		D8953BDF1B560DD3001CA894 /* AppDelegate.m */ = {isa = PBXFileReference; lastKnownFileType = sourcecode.c.objc; path = AppDelegate.m; sourceTree = "<group>"; };
		D8953BE11B560DD3001CA894 /* FirstViewController.h */ = {isa = PBXFileReference; lastKnownFileType = sourcecode.c.h; path = FirstViewController.h; sourceTree = "<group>"; };
		D8953BE21B560DD3001CA894 /* FirstViewController.m */ = {isa = PBXFileReference; lastKnownFileType = sourcecode.c.objc; path = FirstViewController.m; sourceTree = "<group>"; };
		D8953BE41B560DD3001CA894 /* SecondViewController.h */ = {isa = PBXFileReference; lastKnownFileType = sourcecode.c.h; path = SecondViewController.h; sourceTree = "<group>"; };
		D8953BE51B560DD3001CA894 /* SecondViewController.m */ = {isa = PBXFileReference; lastKnownFileType = sourcecode.c.objc; path = SecondViewController.m; sourceTree = "<group>"; };
		D8953BE81B560DD3001CA894 /* Base */ = {isa = PBXFileReference; lastKnownFileType = file.storyboard; name = Base; path = Base.lproj/Main.storyboard; sourceTree = "<group>"; };
		D8953BEA1B560DD3001CA894 /* Images.xcassets */ = {isa = PBXFileReference; lastKnownFileType = folder.assetcatalog; path = Images.xcassets; sourceTree = "<group>"; };
		D8953BED1B560DD3001CA894 /* Base */ = {isa = PBXFileReference; lastKnownFileType = file.xib; name = Base; path = Base.lproj/LaunchScreen.xib; sourceTree = "<group>"; };
		D8953BF31B560DD3001CA894 /* Push CradleTests.xctest */ = {isa = PBXFileReference; explicitFileType = wrapper.cfbundle; includeInIndex = 0; path = "Push CradleTests.xctest"; sourceTree = BUILT_PRODUCTS_DIR; };
		D8953BF81B560DD3001CA894 /* Info.plist */ = {isa = PBXFileReference; lastKnownFileType = text.plist.xml; path = Info.plist; sourceTree = "<group>"; };
		D8953BF91B560DD3001CA894 /* Push_CradleTests.m */ = {isa = PBXFileReference; lastKnownFileType = sourcecode.c.objc; path = Push_CradleTests.m; sourceTree = "<group>"; };
/* End PBXFileReference section */

/* Begin PBXFrameworksBuildPhase section */
		D8953BD41B560DD3001CA894 /* Frameworks */ = {
			isa = PBXFrameworksBuildPhase;
			buildActionMask = 2147483647;
			files = (
			);
			runOnlyForDeploymentPostprocessing = 0;
		};
		D8953BF01B560DD3001CA894 /* Frameworks */ = {
			isa = PBXFrameworksBuildPhase;
			buildActionMask = 2147483647;
			files = (
			);
			runOnlyForDeploymentPostprocessing = 0;
		};
/* End PBXFrameworksBuildPhase section */

/* Begin PBXGroup section */
		D8953BCE1B560DD3001CA894 = {
			isa = PBXGroup;
			children = (
				D8953BD91B560DD3001CA894 /* Push Cradle */,
				D8953BF61B560DD3001CA894 /* Push CradleTests */,
				D8953BD81B560DD3001CA894 /* Products */,
			);
			sourceTree = "<group>";
		};
		D8953BD81B560DD3001CA894 /* Products */ = {
			isa = PBXGroup;
			children = (
				D8953BD71B560DD3001CA894 /* Push Cradle.app */,
				D8953BF31B560DD3001CA894 /* Push CradleTests.xctest */,
			);
			name = Products;
			sourceTree = "<group>";
		};
		D8953BD91B560DD3001CA894 /* Push Cradle */ = {
			isa = PBXGroup;
			children = (
				D8953BDE1B560DD3001CA894 /* AppDelegate.h */,
				D8953BDF1B560DD3001CA894 /* AppDelegate.m */,
				D8953BE11B560DD3001CA894 /* FirstViewController.h */,
				D8953BE21B560DD3001CA894 /* FirstViewController.m */,
				D8953BE41B560DD3001CA894 /* SecondViewController.h */,
				D8953BE51B560DD3001CA894 /* SecondViewController.m */,
				D8953BE71B560DD3001CA894 /* Main.storyboard */,
				D8953BEA1B560DD3001CA894 /* Images.xcassets */,
				D8953BEC1B560DD3001CA894 /* LaunchScreen.xib */,
				D8953BDA1B560DD3001CA894 /* Supporting Files */,
			);
			path = "Push Cradle";
			sourceTree = "<group>";
		};
		D8953BDA1B560DD3001CA894 /* Supporting Files */ = {
			isa = PBXGroup;
			children = (
				D8953BDB1B560DD3001CA894 /* Info.plist */,
				D8953BDC1B560DD3001CA894 /* main.m */,
			);
			name = "Supporting Files";
			sourceTree = "<group>";
		};
		D8953BF61B560DD3001CA894 /* Push CradleTests */ = {
			isa = PBXGroup;
			children = (
				D8953BF91B560DD3001CA894 /* Push_CradleTests.m */,
				D8953BF71B560DD3001CA894 /* Supporting Files */,
			);
			path = "Push CradleTests";
			sourceTree = "<group>";
		};
		D8953BF71B560DD3001CA894 /* Supporting Files */ = {
			isa = PBXGroup;
			children = (
				D8953BF81B560DD3001CA894 /* Info.plist */,
			);
			name = "Supporting Files";
			sourceTree = "<group>";
		};
/* End PBXGroup section */

/* Begin PBXNativeTarget section */
		D8953BD61B560DD3001CA894 /* Push Cradle */ = {
			isa = PBXNativeTarget;
			buildConfigurationList = D8953BFD1B560DD3001CA894 /* Build configuration list for PBXNativeTarget "Push Cradle" */;
			buildPhases = (
				D8953BD31B560DD3001CA894 /* Sources */,
				D8953BD41B560DD3001CA894 /* Frameworks */,
				D8953BD51B560DD3001CA894 /* Resources */,
			);
			buildRules = (
			);
			dependencies = (
			);
			name = "Push Cradle";
			productName = "Push Cradle";
			productReference = D8953BD71B560DD3001CA894 /* Push Cradle.app */;
			productType = "com.apple.product-type.application";
		};
		D8953BF21B560DD3001CA894 /* Push CradleTests */ = {
			isa = PBXNativeTarget;
			buildConfigurationList = D8953C001B560DD3001CA894 /* Build configuration list for PBXNativeTarget "Push CradleTests" */;
			buildPhases = (
				D8953BEF1B560DD3001CA894 /* Sources */,
				D8953BF01B560DD3001CA894 /* Frameworks */,
				D8953BF11B560DD3001CA894 /* Resources */,
			);
			buildRules = (
			);
			dependencies = (
				D8953BF51B560DD3001CA894 /* PBXTargetDependency */,
			);
			name = "Push CradleTests";
			productName = "Push CradleTests";
			productReference = D8953BF31B560DD3001CA894 /* Push CradleTests.xctest */;
			productType = "com.apple.product-type.bundle.unit-test";
		};
/* End PBXNativeTarget section */

/* Begin PBXProject section */
		D8953BCF1B560DD3001CA894 /* Project object */ = {
			isa = PBXProject;
			attributes = {
				LastUpgradeCheck = 0640;
				ORGANIZATIONNAME = "Joe Newbry";
				TargetAttributes = {
					D8953BD61B560DD3001CA894 = {
						CreatedOnToolsVersion = 6.4;
					};
					D8953BF21B560DD3001CA894 = {
						CreatedOnToolsVersion = 6.4;
						TestTargetID = D8953BD61B560DD3001CA894;
					};
				};
			};
			buildConfigurationList = D8953BD21B560DD3001CA894 /* Build configuration list for PBXProject "Push Cradle" */;
			compatibilityVersion = "Xcode 3.2";
			developmentRegion = English;
			hasScannedForEncodings = 0;
			knownRegions = (
				en,
				Base,
			);
			mainGroup = D8953BCE1B560DD3001CA894;
			productRefGroup = D8953BD81B560DD3001CA894 /* Products */;
			projectDirPath = "";
			projectRoot = "";
			targets = (
				D8953BD61B560DD3001CA894 /* Push Cradle */,
				D8953BF21B560DD3001CA894 /* Push CradleTests */,
			);
		};
/* End PBXProject section */

/* Begin PBXResourcesBuildPhase section */
		D8953BD51B560DD3001CA894 /* Resources */ = {
			isa = PBXResourcesBuildPhase;
			buildActionMask = 2147483647;
			files = (
				D8953BE91B560DD3001CA894 /* Main.storyboard in Resources */,
				D8953BEE1B560DD3001CA894 /* LaunchScreen.xib in Resources */,
				D8953BEB1B560DD3001CA894 /* Images.xcassets in Resources */,
			);
			runOnlyForDeploymentPostprocessing = 0;
		};
		D8953BF11B560DD3001CA894 /* Resources */ = {
			isa = PBXResourcesBuildPhase;
			buildActionMask = 2147483647;
			files = (
			);
			runOnlyForDeploymentPostprocessing = 0;
		};
/* End PBXResourcesBuildPhase section */

/* Begin PBXSourcesBuildPhase section */
		D8953BD31B560DD3001CA894 /* Sources */ = {
			isa = PBXSourcesBuildPhase;
			buildActionMask = 2147483647;
			files = (
				D8953BE61B560DD3001CA894 /* SecondViewController.m in Sources */,
				D8953BE01B560DD3001CA894 /* AppDelegate.m in Sources */,
				D8953BE31B560DD3001CA894 /* FirstViewController.m in Sources */,
				D8953BDD1B560DD3001CA894 /* main.m in Sources */,
			);
			runOnlyForDeploymentPostprocessing = 0;
		};
		D8953BEF1B560DD3001CA894 /* Sources */ = {
			isa = PBXSourcesBuildPhase;
			buildActionMask = 2147483647;
			files = (
				D8953BFA1B560DD3001CA894 /* Push_CradleTests.m in Sources */,
			);
			runOnlyForDeploymentPostprocessing = 0;
		};
/* End PBXSourcesBuildPhase section */

/* Begin PBXTargetDependency section */
		D8953BF51B560DD3001CA894 /* PBXTargetDependency */ = {
			isa = PBXTargetDependency;
			target = D8953BD61B560DD3001CA894 /* Push Cradle */;
			targetProxy = D8953BF41B560DD3001CA894 /* PBXContainerItemProxy */;
		};
/* End PBXTargetDependency section */

/* Begin PBXVariantGroup section */
		D8953BE71B560DD3001CA894 /* Main.storyboard */ = {
			isa = PBXVariantGroup;
			children = (
				D8953BE81B560DD3001CA894 /* Base */,
			);
			name = Main.storyboard;
			sourceTree = "<group>";
		};
		D8953BEC1B560DD3001CA894 /* LaunchScreen.xib */ = {
			isa = PBXVariantGroup;
			children = (
				D8953BED1B560DD3001CA894 /* Base */,
			);
			name = LaunchScreen.xib;
			sourceTree = "<group>";
		};
/* End PBXVariantGroup section */

/* Begin XCBuildConfiguration section */
		D8953BFB1B560DD3001CA894 /* Debug */ = {
			isa = XCBuildConfiguration;
			buildSettings = {
				ALWAYS_SEARCH_USER_PATHS = NO;
				CLANG_CXX_LANGUAGE_STANDARD = "gnu++0x";
				CLANG_CXX_LIBRARY = "libc++";
				CLANG_ENABLE_MODULES = YES;
				CLANG_ENABLE_OBJC_ARC = YES;
				CLANG_WARN_BOOL_CONVERSION = YES;
				CLANG_WARN_CONSTANT_CONVERSION = YES;
				CLANG_WARN_DIRECT_OBJC_ISA_USAGE = YES_ERROR;
				CLANG_WARN_EMPTY_BODY = YES;
				CLANG_WARN_ENUM_CONVERSION = YES;
				CLANG_WARN_INT_CONVERSION = YES;
				CLANG_WARN_OBJC_ROOT_CLASS = YES_ERROR;
				CLANG_WARN_UNREACHABLE_CODE = YES;
				CLANG_WARN__DUPLICATE_METHOD_MATCH = YES;
				"CODE_SIGN_IDENTITY[sdk=iphoneos*]" = "iPhone Developer";
				COPY_PHASE_STRIP = NO;
				DEBUG_INFORMATION_FORMAT = "dwarf-with-dsym";
				ENABLE_STRICT_OBJC_MSGSEND = YES;
				GCC_C_LANGUAGE_STANDARD = gnu99;
				GCC_DYNAMIC_NO_PIC = NO;
				GCC_NO_COMMON_BLOCKS = YES;
				GCC_OPTIMIZATION_LEVEL = 0;
				GCC_PREPROCESSOR_DEFINITIONS = (
					"DEBUG=1",
					"$(inherited)",
				);
				GCC_SYMBOLS_PRIVATE_EXTERN = NO;
				GCC_WARN_64_TO_32_BIT_CONVERSION = YES;
				GCC_WARN_ABOUT_RETURN_TYPE = YES_ERROR;
				GCC_WARN_UNDECLARED_SELECTOR = YES;
				GCC_WARN_UNINITIALIZED_AUTOS = YES_AGGRESSIVE;
				GCC_WARN_UNUSED_FUNCTION = YES;
				GCC_WARN_UNUSED_VARIABLE = YES;
				IPHONEOS_DEPLOYMENT_TARGET = 8.4;
				MTL_ENABLE_DEBUG_INFO = YES;
				ONLY_ACTIVE_ARCH = YES;
				SDKROOT = iphoneos;
			};
			name = Debug;
		};
		D8953BFC1B560DD3001CA894 /* Release */ = {
			isa = XCBuildConfiguration;
			buildSettings = {
				ALWAYS_SEARCH_USER_PATHS = NO;
				CLANG_CXX_LANGUAGE_STANDARD = "gnu++0x";
				CLANG_CXX_LIBRARY = "libc++";
				CLANG_ENABLE_MODULES = YES;
				CLANG_ENABLE_OBJC_ARC = YES;
				CLANG_WARN_BOOL_CONVERSION = YES;
				CLANG_WARN_CONSTANT_CONVERSION = YES;
				CLANG_WARN_DIRECT_OBJC_ISA_USAGE = YES_ERROR;
				CLANG_WARN_EMPTY_BODY = YES;
				CLANG_WARN_ENUM_CONVERSION = YES;
				CLANG_WARN_INT_CONVERSION = YES;
				CLANG_WARN_OBJC_ROOT_CLASS = YES_ERROR;
				CLANG_WARN_UNREACHABLE_CODE = YES;
				CLANG_WARN__DUPLICATE_METHOD_MATCH = YES;
				"CODE_SIGN_IDENTITY[sdk=iphoneos*]" = "iPhone Developer";
				COPY_PHASE_STRIP = NO;
				DEBUG_INFORMATION_FORMAT = "dwarf-with-dsym";
				ENABLE_NS_ASSERTIONS = NO;
				ENABLE_STRICT_OBJC_MSGSEND = YES;
				GCC_C_LANGUAGE_STANDARD = gnu99;
				GCC_NO_COMMON_BLOCKS = YES;
				GCC_WARN_64_TO_32_BIT_CONVERSION = YES;
				GCC_WARN_ABOUT_RETURN_TYPE = YES_ERROR;
				GCC_WARN_UNDECLARED_SELECTOR = YES;
				GCC_WARN_UNINITIALIZED_AUTOS = YES_AGGRESSIVE;
				GCC_WARN_UNUSED_FUNCTION = YES;
				GCC_WARN_UNUSED_VARIABLE = YES;
				IPHONEOS_DEPLOYMENT_TARGET = 8.4;
				MTL_ENABLE_DEBUG_INFO = NO;
				SDKROOT = iphoneos;
				VALIDATE_PRODUCT = YES;
			};
			name = Release;
		};
		D8953BFE1B560DD3001CA894 /* Debug */ = {
			isa = XCBuildConfiguration;
			buildSettings = {
				ASSETCATALOG_COMPILER_APPICON_NAME = AppIcon;
				INFOPLIST_FILE = "Push Cradle/Info.plist";
				LD_RUNPATH_SEARCH_PATHS = "$(inherited) @executable_path/Frameworks";
				PRODUCT_NAME = "$(TARGET_NAME)";
			};
			name = Debug;
		};
		D8953BFF1B560DD3001CA894 /* Release */ = {
			isa = XCBuildConfiguration;
			buildSettings = {
				ASSETCATALOG_COMPILER_APPICON_NAME = AppIcon;
				INFOPLIST_FILE = "Push Cradle/Info.plist";
				LD_RUNPATH_SEARCH_PATHS = "$(inherited) @executable_path/Frameworks";
				PRODUCT_NAME = "$(TARGET_NAME)";
			};
			name = Release;
		};
		D8953C011B560DD3001CA894 /* Debug */ = {
			isa = XCBuildConfiguration;
			buildSettings = {
				BUNDLE_LOADER = "$(TEST_HOST)";
				FRAMEWORK_SEARCH_PATHS = (
					"$(SDKROOT)/Developer/Library/Frameworks",
					"$(inherited)",
				);
				GCC_PREPROCESSOR_DEFINITIONS = (
					"DEBUG=1",
					"$(inherited)",
				);
				INFOPLIST_FILE = "Push CradleTests/Info.plist";
				LD_RUNPATH_SEARCH_PATHS = "$(inherited) @executable_path/Frameworks @loader_path/Frameworks";
				PRODUCT_NAME = "$(TARGET_NAME)";
				TEST_HOST = "$(BUILT_PRODUCTS_DIR)/Push Cradle.app/Push Cradle";
			};
			name = Debug;
		};
		D8953C021B560DD3001CA894 /* Release */ = {
			isa = XCBuildConfiguration;
			buildSettings = {
				BUNDLE_LOADER = "$(TEST_HOST)";
				FRAMEWORK_SEARCH_PATHS = (
					"$(SDKROOT)/Developer/Library/Frameworks",
					"$(inherited)",
				);
				INFOPLIST_FILE = "Push CradleTests/Info.plist";
				LD_RUNPATH_SEARCH_PATHS = "$(inherited) @executable_path/Frameworks @loader_path/Frameworks";
				PRODUCT_NAME = "$(TARGET_NAME)";
				TEST_HOST = "$(BUILT_PRODUCTS_DIR)/Push Cradle.app/Push Cradle";
			};
			name = Release;
		};
/* End XCBuildConfiguration section */

/* Begin XCConfigurationList section */
		D8953BD21B560DD3001CA894 /* Build configuration list for PBXProject "Push Cradle" */ = {
			isa = XCConfigurationList;
			buildConfigurations = (
				D8953BFB1B560DD3001CA894 /* Debug */,
				D8953BFC1B560DD3001CA894 /* Release */,
			);
			defaultConfigurationIsVisible = 0;
			defaultConfigurationName = Release;
		};
		D8953BFD1B560DD3001CA894 /* Build configuration list for PBXNativeTarget "Push Cradle" */ = {
			isa = XCConfigurationList;
			buildConfigurations = (
				D8953BFE1B560DD3001CA894 /* Debug */,
				D8953BFF1B560DD3001CA894 /* Release */,
			);
			defaultConfigurationIsVisible = 0;
		};
		D8953C001B560DD3001CA894 /* Build configuration list for PBXNativeTarget "Push CradleTests" */ = {
			isa = XCConfigurationList;
			buildConfigurations = (
				D8953C011B560DD3001CA894 /* Debug */,
				D8953C021B560DD3001CA894 /* Release */,
			);
			defaultConfigurationIsVisible = 0;
		};
/* End XCConfigurationList section */
	};
	rootObject = D8953BCF1B560DD3001CA894 /* Project object */;
}
